
Microsoft Visual Studio Solution File, Format Version 12.00
# Visual Studio Version 16
VisualStudioVersion = 16.0.30011.22
MinimumVisualStudioVersion = 10.0.40219.1
Project("{9A19103F-16F7-4668-BE54-9A1E7A4F7556}") = "Okta.Blog.Lambda", "Okta.Blog.Lambda\Okta.Blog.Lambda.csproj", "{41480B16-69C2-48E7-972B-D74DBA232609}"
EndProject
Global
	GlobalSection(SolutionConfigurationPlatforms) = preSolution
		Debug|Any CPU = Debug|Any CPU
		Release|Any CPU = Release|Any CPU
	EndGlobalSection
	GlobalSection(ProjectConfigurationPlatforms) = postSolution
		{41480B16-69C2-48E7-972B-D74DBA232609}.Debug|Any CPU.ActiveCfg = Debug|Any CPU
		{41480B16-69C2-48E7-972B-D74DBA232609}.Debug|Any CPU.Build.0 = Debug|Any CPU
		{41480B16-69C2-48E7-972B-D74DBA232609}.Release|Any CPU.ActiveCfg = Release|Any CPU
		{41480B16-69C2-48E7-972B-D74DBA232609}.Release|Any CPU.Build.0 = Release|Any CPU
	EndGlobalSection
	GlobalSection(SolutionProperties) = preSolution
		HideSolutionNode = FALSE
	EndGlobalSection
	GlobalSection(ExtensibilityGlobals) = postSolution
		SolutionGuid = {BE345521-00ED-435D-99CB-0E00001AB49C}
	EndGlobalSection
EndGlobal
